
Microsoft Visual Studio Solution File, Format Version 12.00
# Visual Studio Version 17
VisualStudioVersion = 17.0.31919.166
MinimumVisualStudioVersion = 10.0.40219.1
Project("{2150E333-8FDC-42A3-9474-1A3956D46DE8}") = "Kata.Reflection4", "Kata.Reflection4", "{FE9170D3-5767-4789-95FC-E221CEAC32BB}"
EndProject
Project("{FAE04EC0-301F-11D3-BF4B-00C04F79EFBC}") = "Kata.Reflection4", "Kata.Reflection4\Kata.Reflection4\Kata.Reflection4.csproj", "{3855A46C-E1B2-4860-A6BA-3B4DE4ADF149}"
EndProject
Project("{FAE04EC0-301F-11D3-BF4B-00C04F79EFBC}") = "Kata.Reflection4.Tests", "Kata.Reflection4\Kata.Reflection4.Tests\Kata.Reflection4.Tests.csproj", "{6D387B76-710B-4CDA-AACC-97EA7D6764E1}"
EndProject
Project("{2150E333-8FDC-42A3-9474-1A3956D46DE8}") = "Kata.TheLift", "Kata.TheLift", "{38BE7D73-1448-456E-A7CF-2D1BFD0789B7}"
EndProject
Project("{FAE04EC0-301F-11D3-BF4B-00C04F79EFBC}") = "Kata.TheLift", "Kata.TheLift\Kata.TheLift\Kata.TheLift.csproj", "{6E2A1A0A-7390-49C6-A6AD-183261E1BD57}"
EndProject
Project("{FAE04EC0-301F-11D3-BF4B-00C04F79EFBC}") = "Kata.TheLift.Tests", "Kata.TheLift\Kata.TheLift.Tests\Kata.TheLift.Tests.csproj", "{B4833BD5-3522-49B6-8F89-6868D59EECA2}"
EndProject
Global
	GlobalSection(SolutionConfigurationPlatforms) = preSolution
		Debug|Any CPU = Debug|Any CPU
		Release|Any CPU = Release|Any CPU
	EndGlobalSection
	GlobalSection(ProjectConfigurationPlatforms) = postSolution
		{3855A46C-E1B2-4860-A6BA-3B4DE4ADF149}.Debug|Any CPU.ActiveCfg = Debug|Any CPU
		{3855A46C-E1B2-4860-A6BA-3B4DE4ADF149}.Debug|Any CPU.Build.0 = Debug|Any CPU
		{3855A46C-E1B2-4860-A6BA-3B4DE4ADF149}.Release|Any CPU.ActiveCfg = Release|Any CPU
		{3855A46C-E1B2-4860-A6BA-3B4DE4ADF149}.Release|Any CPU.Build.0 = Release|Any CPU
		{6D387B76-710B-4CDA-AACC-97EA7D6764E1}.Debug|Any CPU.ActiveCfg = Debug|Any CPU
		{6D387B76-710B-4CDA-AACC-97EA7D6764E1}.Debug|Any CPU.Build.0 = Debug|Any CPU
		{6D387B76-710B-4CDA-AACC-97EA7D6764E1}.Release|Any CPU.ActiveCfg = Release|Any CPU
		{6D387B76-710B-4CDA-AACC-97EA7D6764E1}.Release|Any CPU.Build.0 = Release|Any CPU
		{6E2A1A0A-7390-49C6-A6AD-183261E1BD57}.Debug|Any CPU.ActiveCfg = Debug|Any CPU
		{6E2A1A0A-7390-49C6-A6AD-183261E1BD57}.Debug|Any CPU.Build.0 = Debug|Any CPU
		{6E2A1A0A-7390-49C6-A6AD-183261E1BD57}.Release|Any CPU.ActiveCfg = Release|Any CPU
		{6E2A1A0A-7390-49C6-A6AD-183261E1BD57}.Release|Any CPU.Build.0 = Release|Any CPU
		{B4833BD5-3522-49B6-8F89-6868D59EECA2}.Debug|Any CPU.ActiveCfg = Debug|Any CPU
		{B4833BD5-3522-49B6-8F89-6868D59EECA2}.Debug|Any CPU.Build.0 = Debug|Any CPU
		{B4833BD5-3522-49B6-8F89-6868D59EECA2}.Release|Any CPU.ActiveCfg = Release|Any CPU
		{B4833BD5-3522-49B6-8F89-6868D59EECA2}.Release|Any CPU.Build.0 = Release|Any CPU
	EndGlobalSection
	GlobalSection(SolutionProperties) = preSolution
		HideSolutionNode = FALSE
	EndGlobalSection
	GlobalSection(NestedProjects) = preSolution
		{3855A46C-E1B2-4860-A6BA-3B4DE4ADF149} = {FE9170D3-5767-4789-95FC-E221CEAC32BB}
		{6D387B76-710B-4CDA-AACC-97EA7D6764E1} = {FE9170D3-5767-4789-95FC-E221CEAC32BB}
		{6E2A1A0A-7390-49C6-A6AD-183261E1BD57} = {38BE7D73-1448-456E-A7CF-2D1BFD0789B7}
		{B4833BD5-3522-49B6-8F89-6868D59EECA2} = {38BE7D73-1448-456E-A7CF-2D1BFD0789B7}
	EndGlobalSection
	GlobalSection(ExtensibilityGlobals) = postSolution
		SolutionGuid = {92B69BC8-8164-4202-8306-CFD4025A3EFE}
	EndGlobalSection
EndGlobal
